// !$*UTF8*$!
{
	archiveVersion = 1;
	classes = {
	};
	objectVersion = 46;
	objects = {

/* Begin PBXBuildFile section */
		280173581AC0A5D400840908 /* StatusHandler.swift in Sources */ = {isa = PBXBuildFile; fileRef = 284D36EE1A03956E00D6A3A1 /* StatusHandler.swift */; };
		280173591AC0A62A00840908 /* AppDelegate.swift in Sources */ = {isa = PBXBuildFile; fileRef = 288C695819A92A1F001FA4CA /* AppDelegate.swift */; };
		2801735A1AC0A62A00840908 /* FirstViewController.swift in Sources */ = {isa = PBXBuildFile; fileRef = 288C695A19A92A1F001FA4CA /* FirstViewController.swift */; };
		2801735B1AC0A62A00840908 /* SecondViewController.swift in Sources */ = {isa = PBXBuildFile; fileRef = 288C695C19A92A1F001FA4CA /* SecondViewController.swift */; };
		28440AFF1B15196A00D6A3A1 /* InterfaceController.swift in Sources */ = {isa = PBXBuildFile; fileRef = 28440AFE1B15196A00D6A3A1 /* InterfaceController.swift */; };
		28440B011B15196A00D6A3A1 /* NotificationController.swift in Sources */ = {isa = PBXBuildFile; fileRef = 28440B001B15196A00D6A3A1 /* NotificationController.swift */; };
		28440B031B15196A00D6A3A1 /* GlanceController.swift in Sources */ = {isa = PBXBuildFile; fileRef = 28440B021B15196A00D6A3A1 /* GlanceController.swift */; };
		28440B051B15196A00D6A3A1 /* Images.xcassets in Resources */ = {isa = PBXBuildFile; fileRef = 28440B041B15196A00D6A3A1 /* Images.xcassets */; };
		28440B091B15196A00D6A3A1 /* spacestate WatchKit App.app in Resources */ = {isa = PBXBuildFile; fileRef = 28440B081B15196A00D6A3A1 /* spacestate WatchKit App.app */; };
		28440B111B15196A00D6A3A1 /* Interface.storyboard in Resources */ = {isa = PBXBuildFile; fileRef = 28440B0F1B15196A00D6A3A1 /* Interface.storyboard */; };
		28440B131B15196A00D6A3A1 /* Images.xcassets in Resources */ = {isa = PBXBuildFile; fileRef = 28440B121B15196A00D6A3A1 /* Images.xcassets */; };
		28440B161B15196A00D6A3A1 /* spacestate WatchKit Extension.appex in Embed App Extensions */ = {isa = PBXBuildFile; fileRef = 28440AF91B15196A00D6A3A1 /* spacestate WatchKit Extension.appex */; settings = {ATTRIBUTES = (RemoveHeadersOnCopy, ); }; };
		284D36EF1A03956E00D6A3A1 /* StatusHandler.swift in Sources */ = {isa = PBXBuildFile; fileRef = 284D36EE1A03956E00D6A3A1 /* StatusHandler.swift */; };
		288C695919A92A1F001FA4CA /* AppDelegate.swift in Sources */ = {isa = PBXBuildFile; fileRef = 288C695819A92A1F001FA4CA /* AppDelegate.swift */; };
		288C695B19A92A1F001FA4CA /* FirstViewController.swift in Sources */ = {isa = PBXBuildFile; fileRef = 288C695A19A92A1F001FA4CA /* FirstViewController.swift */; };
		288C695D19A92A1F001FA4CA /* SecondViewController.swift in Sources */ = {isa = PBXBuildFile; fileRef = 288C695C19A92A1F001FA4CA /* SecondViewController.swift */; };
		288C696019A92A1F001FA4CA /* Main.storyboard in Resources */ = {isa = PBXBuildFile; fileRef = 288C695E19A92A1F001FA4CA /* Main.storyboard */; };
		288C696219A92A1F001FA4CA /* Images.xcassets in Resources */ = {isa = PBXBuildFile; fileRef = 288C696119A92A1F001FA4CA /* Images.xcassets */; };
		288C696E19A92A1F001FA4CA /* spacestateTests.swift in Sources */ = {isa = PBXBuildFile; fileRef = 288C696D19A92A1F001FA4CA /* spacestateTests.swift */; };
		2890F8651A0399A200D6A3A1 /* TodayViewController.swift in Sources */ = {isa = PBXBuildFile; fileRef = 2890F8641A0399A200D6A3A1 /* TodayViewController.swift */; };
		2890F8671A039C7D00D6A3A1 /* StatusHandler.swift in Sources */ = {isa = PBXBuildFile; fileRef = 2890F8661A039C7D00D6A3A1 /* StatusHandler.swift */; };
		2896F1C91A02851200D6A3A1 /* NotificationCenter.framework in Frameworks */ = {isa = PBXBuildFile; fileRef = 2896F1C81A02851200D6A3A1 /* NotificationCenter.framework */; };
		2896F1D11A02851200D6A3A1 /* MainInterface.storyboard in Resources */ = {isa = PBXBuildFile; fileRef = 2896F1D01A02851200D6A3A1 /* MainInterface.storyboard */; };
		2896F1D41A02851200D6A3A1 /* state.appex in Embed App Extensions */ = {isa = PBXBuildFile; fileRef = 2896F1C61A02851200D6A3A1 /* state.appex */; settings = {ATTRIBUTES = (RemoveHeadersOnCopy, ); }; };
/* End PBXBuildFile section */

/* Begin PBXContainerItemProxy section */
		28440B0A1B15196A00D6A3A1 /* PBXContainerItemProxy */ = {
			isa = PBXContainerItemProxy;
			containerPortal = 288C694B19A92A1F001FA4CA /* Project object */;
			proxyType = 1;
			remoteGlobalIDString = 28440B071B15196A00D6A3A1;
			remoteInfo = "spacestate WatchKit App";
		};
		28440B141B15196A00D6A3A1 /* PBXContainerItemProxy */ = {
			isa = PBXContainerItemProxy;
			containerPortal = 288C694B19A92A1F001FA4CA /* Project object */;
			proxyType = 1;
			remoteGlobalIDString = 28440AF81B15196A00D6A3A1;
			remoteInfo = "spacestate WatchKit Extension";
		};
		288C696819A92A1F001FA4CA /* PBXContainerItemProxy */ = {
			isa = PBXContainerItemProxy;
			containerPortal = 288C694B19A92A1F001FA4CA /* Project object */;
			proxyType = 1;
			remoteGlobalIDString = 288C695219A92A1F001FA4CA;
			remoteInfo = spacestate;
		};
		2896F1D21A02851200D6A3A1 /* PBXContainerItemProxy */ = {
			isa = PBXContainerItemProxy;
			containerPortal = 288C694B19A92A1F001FA4CA /* Project object */;
			proxyType = 1;
			remoteGlobalIDString = 2896F1C51A02851200D6A3A1;
			remoteInfo = state;
		};
/* End PBXContainerItemProxy section */

/* Begin PBXCopyFilesBuildPhase section */
		2896F1D81A02851200D6A3A1 /* Embed App Extensions */ = {
			isa = PBXCopyFilesBuildPhase;
			buildActionMask = 2147483647;
			dstPath = "";
			dstSubfolderSpec = 13;
			files = (
				28440B161B15196A00D6A3A1 /* spacestate WatchKit Extension.appex in Embed App Extensions */,
				2896F1D41A02851200D6A3A1 /* state.appex in Embed App Extensions */,
			);
			name = "Embed App Extensions";
			runOnlyForDeploymentPostprocessing = 0;
		};
/* End PBXCopyFilesBuildPhase section */

/* Begin PBXFileReference section */
		28440AF91B15196A00D6A3A1 /* spacestate WatchKit Extension.appex */ = {isa = PBXFileReference; explicitFileType = "wrapper.app-extension"; includeInIndex = 0; path = "spacestate WatchKit Extension.appex"; sourceTree = BUILT_PRODUCTS_DIR; };
		28440AFC1B15196A00D6A3A1 /* Info.plist */ = {isa = PBXFileReference; lastKnownFileType = text.plist.xml; path = Info.plist; sourceTree = "<group>"; };
		28440AFD1B15196A00D6A3A1 /* PushNotificationPayload.apns */ = {isa = PBXFileReference; lastKnownFileType = text; path = PushNotificationPayload.apns; sourceTree = "<group>"; };
		28440AFE1B15196A00D6A3A1 /* InterfaceController.swift */ = {isa = PBXFileReference; lastKnownFileType = sourcecode.swift; path = InterfaceController.swift; sourceTree = "<group>"; };
		28440B001B15196A00D6A3A1 /* NotificationController.swift */ = {isa = PBXFileReference; lastKnownFileType = sourcecode.swift; path = NotificationController.swift; sourceTree = "<group>"; };
		28440B021B15196A00D6A3A1 /* GlanceController.swift */ = {isa = PBXFileReference; lastKnownFileType = sourcecode.swift; path = GlanceController.swift; sourceTree = "<group>"; };
		28440B041B15196A00D6A3A1 /* Images.xcassets */ = {isa = PBXFileReference; lastKnownFileType = folder.assetcatalog; path = Images.xcassets; sourceTree = "<group>"; };
		28440B081B15196A00D6A3A1 /* spacestate WatchKit App.app */ = {isa = PBXFileReference; explicitFileType = wrapper.application; includeInIndex = 0; path = "spacestate WatchKit App.app"; sourceTree = BUILT_PRODUCTS_DIR; };
		28440B0E1B15196A00D6A3A1 /* Info.plist */ = {isa = PBXFileReference; lastKnownFileType = text.plist.xml; path = Info.plist; sourceTree = "<group>"; };
		28440B101B15196A00D6A3A1 /* Base */ = {isa = PBXFileReference; lastKnownFileType = file.storyboard; name = Base; path = Base.lproj/Interface.storyboard; sourceTree = "<group>"; };
		28440B121B15196A00D6A3A1 /* Images.xcassets */ = {isa = PBXFileReference; lastKnownFileType = folder.assetcatalog; path = Images.xcassets; sourceTree = "<group>"; };
		284D36EE1A03956E00D6A3A1 /* StatusHandler.swift */ = {isa = PBXFileReference; fileEncoding = 4; lastKnownFileType = sourcecode.swift; path = StatusHandler.swift; sourceTree = "<group>"; };
		288C695319A92A1F001FA4CA /* spacestate.app */ = {isa = PBXFileReference; explicitFileType = wrapper.application; includeInIndex = 0; path = spacestate.app; sourceTree = BUILT_PRODUCTS_DIR; };
		288C695719A92A1F001FA4CA /* Info.plist */ = {isa = PBXFileReference; lastKnownFileType = text.plist.xml; path = Info.plist; sourceTree = "<group>"; };
		288C695819A92A1F001FA4CA /* AppDelegate.swift */ = {isa = PBXFileReference; lastKnownFileType = sourcecode.swift; path = AppDelegate.swift; sourceTree = "<group>"; };
		288C695A19A92A1F001FA4CA /* FirstViewController.swift */ = {isa = PBXFileReference; lastKnownFileType = sourcecode.swift; path = FirstViewController.swift; sourceTree = "<group>"; };
		288C695C19A92A1F001FA4CA /* SecondViewController.swift */ = {isa = PBXFileReference; lastKnownFileType = sourcecode.swift; path = SecondViewController.swift; sourceTree = "<group>"; };
		288C695F19A92A1F001FA4CA /* Base */ = {isa = PBXFileReference; lastKnownFileType = file.storyboard; name = Base; path = Base.lproj/Main.storyboard; sourceTree = "<group>"; };
		288C696119A92A1F001FA4CA /* Images.xcassets */ = {isa = PBXFileReference; lastKnownFileType = folder.assetcatalog; path = Images.xcassets; sourceTree = "<group>"; };
		288C696719A92A1F001FA4CA /* spacestateTests.xctest */ = {isa = PBXFileReference; explicitFileType = wrapper.cfbundle; includeInIndex = 0; path = spacestateTests.xctest; sourceTree = BUILT_PRODUCTS_DIR; };
		288C696C19A92A1F001FA4CA /* Info.plist */ = {isa = PBXFileReference; lastKnownFileType = text.plist.xml; path = Info.plist; sourceTree = "<group>"; };
		288C696D19A92A1F001FA4CA /* spacestateTests.swift */ = {isa = PBXFileReference; lastKnownFileType = sourcecode.swift; path = spacestateTests.swift; sourceTree = "<group>"; };
		2890F8641A0399A200D6A3A1 /* TodayViewController.swift */ = {isa = PBXFileReference; fileEncoding = 4; lastKnownFileType = sourcecode.swift; path = TodayViewController.swift; sourceTree = "<group>"; };
		2890F8661A039C7D00D6A3A1 /* StatusHandler.swift */ = {isa = PBXFileReference; fileEncoding = 4; lastKnownFileType = sourcecode.swift; path = StatusHandler.swift; sourceTree = "<group>"; };
		2896F1C61A02851200D6A3A1 /* state.appex */ = {isa = PBXFileReference; explicitFileType = "wrapper.app-extension"; includeInIndex = 0; path = state.appex; sourceTree = BUILT_PRODUCTS_DIR; };
		2896F1C81A02851200D6A3A1 /* NotificationCenter.framework */ = {isa = PBXFileReference; lastKnownFileType = wrapper.framework; name = NotificationCenter.framework; path = System/Library/Frameworks/NotificationCenter.framework; sourceTree = SDKROOT; };
		2896F1CC1A02851200D6A3A1 /* Info.plist */ = {isa = PBXFileReference; lastKnownFileType = text.plist.xml; path = Info.plist; sourceTree = "<group>"; };
		2896F1D01A02851200D6A3A1 /* MainInterface.storyboard */ = {isa = PBXFileReference; lastKnownFileType = file.storyboard; path = MainInterface.storyboard; sourceTree = "<group>"; };
/* End PBXFileReference section */

/* Begin PBXFrameworksBuildPhase section */
		28440AF61B15196A00D6A3A1 /* Frameworks */ = {
			isa = PBXFrameworksBuildPhase;
			buildActionMask = 2147483647;
			files = (
			);
			runOnlyForDeploymentPostprocessing = 0;
		};
		288C695019A92A1F001FA4CA /* Frameworks */ = {
			isa = PBXFrameworksBuildPhase;
			buildActionMask = 2147483647;
			files = (
			);
			runOnlyForDeploymentPostprocessing = 0;
		};
		288C696419A92A1F001FA4CA /* Frameworks */ = {
			isa = PBXFrameworksBuildPhase;
			buildActionMask = 2147483647;
			files = (
			);
			runOnlyForDeploymentPostprocessing = 0;
		};
		2896F1C31A02851200D6A3A1 /* Frameworks */ = {
			isa = PBXFrameworksBuildPhase;
			buildActionMask = 2147483647;
			files = (
				2896F1C91A02851200D6A3A1 /* NotificationCenter.framework in Frameworks */,
			);
			runOnlyForDeploymentPostprocessing = 0;
		};
/* End PBXFrameworksBuildPhase section */

/* Begin PBXGroup section */
		28440AFA1B15196A00D6A3A1 /* spacestate WatchKit Extension */ = {
			isa = PBXGroup;
			children = (
				28440AFE1B15196A00D6A3A1 /* InterfaceController.swift */,
				28440B001B15196A00D6A3A1 /* NotificationController.swift */,
				28440B021B15196A00D6A3A1 /* GlanceController.swift */,
				28440B041B15196A00D6A3A1 /* Images.xcassets */,
				28440AFB1B15196A00D6A3A1 /* Supporting Files */,
			);
			path = "spacestate WatchKit Extension";
			sourceTree = "<group>";
		};
		28440AFB1B15196A00D6A3A1 /* Supporting Files */ = {
			isa = PBXGroup;
			children = (
				28440AFC1B15196A00D6A3A1 /* Info.plist */,
				28440AFD1B15196A00D6A3A1 /* PushNotificationPayload.apns */,
			);
			name = "Supporting Files";
			sourceTree = "<group>";
		};
		28440B0C1B15196A00D6A3A1 /* spacestate WatchKit App */ = {
			isa = PBXGroup;
			children = (
				28440B0F1B15196A00D6A3A1 /* Interface.storyboard */,
				28440B121B15196A00D6A3A1 /* Images.xcassets */,
				28440B0D1B15196A00D6A3A1 /* Supporting Files */,
			);
			path = "spacestate WatchKit App";
			sourceTree = "<group>";
		};
		28440B0D1B15196A00D6A3A1 /* Supporting Files */ = {
			isa = PBXGroup;
			children = (
				28440B0E1B15196A00D6A3A1 /* Info.plist */,
			);
			name = "Supporting Files";
			sourceTree = "<group>";
		};
		288C694A19A92A1F001FA4CA = {
			isa = PBXGroup;
			children = (
				288C695519A92A1F001FA4CA /* spacestate */,
				288C696A19A92A1F001FA4CA /* spacestateTests */,
				2896F1CA1A02851200D6A3A1 /* state */,
				28440AFA1B15196A00D6A3A1 /* spacestate WatchKit Extension */,
				28440B0C1B15196A00D6A3A1 /* spacestate WatchKit App */,
				2896F1C71A02851200D6A3A1 /* Frameworks */,
				288C695419A92A1F001FA4CA /* Products */,
			);
			sourceTree = "<group>";
		};
		288C695419A92A1F001FA4CA /* Products */ = {
			isa = PBXGroup;
			children = (
				288C695319A92A1F001FA4CA /* spacestate.app */,
				288C696719A92A1F001FA4CA /* spacestateTests.xctest */,
				2896F1C61A02851200D6A3A1 /* state.appex */,
				28440AF91B15196A00D6A3A1 /* spacestate WatchKit Extension.appex */,
				28440B081B15196A00D6A3A1 /* spacestate WatchKit App.app */,
			);
			name = Products;
			sourceTree = "<group>";
		};
		288C695519A92A1F001FA4CA /* spacestate */ = {
			isa = PBXGroup;
			children = (
				284D36EE1A03956E00D6A3A1 /* StatusHandler.swift */,
				288C695819A92A1F001FA4CA /* AppDelegate.swift */,
				288C695A19A92A1F001FA4CA /* FirstViewController.swift */,
				288C695C19A92A1F001FA4CA /* SecondViewController.swift */,
				288C695E19A92A1F001FA4CA /* Main.storyboard */,
				288C696119A92A1F001FA4CA /* Images.xcassets */,
				288C695619A92A1F001FA4CA /* Supporting Files */,
			);
			path = spacestate;
			sourceTree = "<group>";
		};
		288C695619A92A1F001FA4CA /* Supporting Files */ = {
			isa = PBXGroup;
			children = (
				288C695719A92A1F001FA4CA /* Info.plist */,
			);
			name = "Supporting Files";
			sourceTree = "<group>";
		};
		288C696A19A92A1F001FA4CA /* spacestateTests */ = {
			isa = PBXGroup;
			children = (
				288C696D19A92A1F001FA4CA /* spacestateTests.swift */,
				288C696B19A92A1F001FA4CA /* Supporting Files */,
			);
			path = spacestateTests;
			sourceTree = "<group>";
		};
		288C696B19A92A1F001FA4CA /* Supporting Files */ = {
			isa = PBXGroup;
			children = (
				288C696C19A92A1F001FA4CA /* Info.plist */,
			);
			name = "Supporting Files";
			sourceTree = "<group>";
		};
		2896F1C71A02851200D6A3A1 /* Frameworks */ = {
			isa = PBXGroup;
			children = (
				2896F1C81A02851200D6A3A1 /* NotificationCenter.framework */,
			);
			name = Frameworks;
			sourceTree = "<group>";
		};
		2896F1CA1A02851200D6A3A1 /* state */ = {
			isa = PBXGroup;
			children = (
				2890F8661A039C7D00D6A3A1 /* StatusHandler.swift */,
				2890F8641A0399A200D6A3A1 /* TodayViewController.swift */,
				2896F1D01A02851200D6A3A1 /* MainInterface.storyboard */,
				2896F1CB1A02851200D6A3A1 /* Supporting Files */,
			);
			path = state;
			sourceTree = "<group>";
		};
		2896F1CB1A02851200D6A3A1 /* Supporting Files */ = {
			isa = PBXGroup;
			children = (
				2896F1CC1A02851200D6A3A1 /* Info.plist */,
			);
			name = "Supporting Files";
			sourceTree = "<group>";
		};
/* End PBXGroup section */

/* Begin PBXNativeTarget section */
		28440AF81B15196A00D6A3A1 /* spacestate WatchKit Extension */ = {
			isa = PBXNativeTarget;
			buildConfigurationList = 28440B1C1B15196A00D6A3A1 /* Build configuration list for PBXNativeTarget "spacestate WatchKit Extension" */;
			buildPhases = (
				28440AF51B15196A00D6A3A1 /* Sources */,
				28440AF61B15196A00D6A3A1 /* Frameworks */,
				28440AF71B15196A00D6A3A1 /* Resources */,
			);
			buildRules = (
			);
			dependencies = (
				28440B0B1B15196A00D6A3A1 /* PBXTargetDependency */,
			);
			name = "spacestate WatchKit Extension";
			productName = "spacestate WatchKit Extension";
			productReference = 28440AF91B15196A00D6A3A1 /* spacestate WatchKit Extension.appex */;
			productType = "com.apple.product-type.watchkit-extension";
		};
		28440B071B15196A00D6A3A1 /* spacestate WatchKit App */ = {
			isa = PBXNativeTarget;
			buildConfigurationList = 28440B1B1B15196A00D6A3A1 /* Build configuration list for PBXNativeTarget "spacestate WatchKit App" */;
			buildPhases = (
				28440B061B15196A00D6A3A1 /* Resources */,
			);
			buildRules = (
			);
			dependencies = (
			);
			name = "spacestate WatchKit App";
			productName = "spacestate WatchKit App";
			productReference = 28440B081B15196A00D6A3A1 /* spacestate WatchKit App.app */;
			productType = "com.apple.product-type.application.watchapp";
		};
		288C695219A92A1F001FA4CA /* spacestate */ = {
			isa = PBXNativeTarget;
			buildConfigurationList = 288C697119A92A1F001FA4CA /* Build configuration list for PBXNativeTarget "spacestate" */;
			buildPhases = (
				288C694F19A92A1F001FA4CA /* Sources */,
				288C695019A92A1F001FA4CA /* Frameworks */,
				288C695119A92A1F001FA4CA /* Resources */,
				2896F1D81A02851200D6A3A1 /* Embed App Extensions */,
			);
			buildRules = (
			);
			dependencies = (
				2896F1D31A02851200D6A3A1 /* PBXTargetDependency */,
				28440B151B15196A00D6A3A1 /* PBXTargetDependency */,
			);
			name = spacestate;
			productName = spacestate;
			productReference = 288C695319A92A1F001FA4CA /* spacestate.app */;
			productType = "com.apple.product-type.application";
		};
		288C696619A92A1F001FA4CA /* spacestateTests */ = {
			isa = PBXNativeTarget;
			buildConfigurationList = 288C697419A92A1F001FA4CA /* Build configuration list for PBXNativeTarget "spacestateTests" */;
			buildPhases = (
				288C696319A92A1F001FA4CA /* Sources */,
				288C696419A92A1F001FA4CA /* Frameworks */,
				288C696519A92A1F001FA4CA /* Resources */,
			);
			buildRules = (
			);
			dependencies = (
				288C696919A92A1F001FA4CA /* PBXTargetDependency */,
			);
			name = spacestateTests;
			productName = spacestateTests;
			productReference = 288C696719A92A1F001FA4CA /* spacestateTests.xctest */;
			productType = "com.apple.product-type.bundle.unit-test";
		};
		2896F1C51A02851200D6A3A1 /* state */ = {
			isa = PBXNativeTarget;
			buildConfigurationList = 2896F1D71A02851200D6A3A1 /* Build configuration list for PBXNativeTarget "state" */;
			buildPhases = (
				2896F1C21A02851200D6A3A1 /* Sources */,
				2896F1C31A02851200D6A3A1 /* Frameworks */,
				2896F1C41A02851200D6A3A1 /* Resources */,
			);
			buildRules = (
			);
			dependencies = (
			);
			name = state;
			productName = state;
			productReference = 2896F1C61A02851200D6A3A1 /* state.appex */;
			productType = "com.apple.product-type.app-extension";
		};
/* End PBXNativeTarget section */

/* Begin PBXProject section */
		288C694B19A92A1F001FA4CA /* Project object */ = {
			isa = PBXProject;
			attributes = {
				LastUpgradeCheck = 0600;
				ORGANIZATIONNAME = grafixmafia.net;
				TargetAttributes = {
					28440AF81B15196A00D6A3A1 = {
						CreatedOnToolsVersion = 6.3.2;
						DevelopmentTeam = JU54TPL9P9;
					};
					28440B071B15196A00D6A3A1 = {
						CreatedOnToolsVersion = 6.3.2;
						DevelopmentTeam = JU54TPL9P9;
					};
					288C695219A92A1F001FA4CA = {
						CreatedOnToolsVersion = 6.0;
						DevelopmentTeam = JU54TPL9P9;
					};
					288C696619A92A1F001FA4CA = {
						CreatedOnToolsVersion = 6.0;
						TestTargetID = 288C695219A92A1F001FA4CA;
					};
					2896F1C51A02851200D6A3A1 = {
						CreatedOnToolsVersion = 6.1;
						DevelopmentTeam = JU54TPL9P9;
					};
				};
			};
			buildConfigurationList = 288C694E19A92A1F001FA4CA /* Build configuration list for PBXProject "spacestate" */;
			compatibilityVersion = "Xcode 3.2";
			developmentRegion = English;
			hasScannedForEncodings = 0;
			knownRegions = (
				en,
				Base,
			);
			mainGroup = 288C694A19A92A1F001FA4CA;
			productRefGroup = 288C695419A92A1F001FA4CA /* Products */;
			projectDirPath = "";
			projectRoot = "";
			targets = (
				288C695219A92A1F001FA4CA /* spacestate */,
				288C696619A92A1F001FA4CA /* spacestateTests */,
				2896F1C51A02851200D6A3A1 /* state */,
				28440AF81B15196A00D6A3A1 /* spacestate WatchKit Extension */,
				28440B071B15196A00D6A3A1 /* spacestate WatchKit App */,
			);
		};
/* End PBXProject section */

/* Begin PBXResourcesBuildPhase section */
		28440AF71B15196A00D6A3A1 /* Resources */ = {
			isa = PBXResourcesBuildPhase;
			buildActionMask = 2147483647;
			files = (
				28440B051B15196A00D6A3A1 /* Images.xcassets in Resources */,
				28440B091B15196A00D6A3A1 /* spacestate WatchKit App.app in Resources */,
			);
			runOnlyForDeploymentPostprocessing = 0;
		};
		28440B061B15196A00D6A3A1 /* Resources */ = {
			isa = PBXResourcesBuildPhase;
			buildActionMask = 2147483647;
			files = (
				28440B111B15196A00D6A3A1 /* Interface.storyboard in Resources */,
				28440B131B15196A00D6A3A1 /* Images.xcassets in Resources */,
			);
			runOnlyForDeploymentPostprocessing = 0;
		};
		288C695119A92A1F001FA4CA /* Resources */ = {
			isa = PBXResourcesBuildPhase;
			buildActionMask = 2147483647;
			files = (
				288C696019A92A1F001FA4CA /* Main.storyboard in Resources */,
				288C696219A92A1F001FA4CA /* Images.xcassets in Resources */,
			);
			runOnlyForDeploymentPostprocessing = 0;
		};
		288C696519A92A1F001FA4CA /* Resources */ = {
			isa = PBXResourcesBuildPhase;
			buildActionMask = 2147483647;
			files = (
			);
			runOnlyForDeploymentPostprocessing = 0;
		};
		2896F1C41A02851200D6A3A1 /* Resources */ = {
			isa = PBXResourcesBuildPhase;
			buildActionMask = 2147483647;
			files = (
				2896F1D11A02851200D6A3A1 /* MainInterface.storyboard in Resources */,
			);
			runOnlyForDeploymentPostprocessing = 0;
		};
/* End PBXResourcesBuildPhase section */

/* Begin PBXSourcesBuildPhase section */
		28440AF51B15196A00D6A3A1 /* Sources */ = {
			isa = PBXSourcesBuildPhase;
			buildActionMask = 2147483647;
			files = (
				28440B011B15196A00D6A3A1 /* NotificationController.swift in Sources */,
				28440AFF1B15196A00D6A3A1 /* InterfaceController.swift in Sources */,
				28440B031B15196A00D6A3A1 /* GlanceController.swift in Sources */,
			);
			runOnlyForDeploymentPostprocessing = 0;
		};
		288C694F19A92A1F001FA4CA /* Sources */ = {
			isa = PBXSourcesBuildPhase;
			buildActionMask = 2147483647;
			files = (
				284D36EF1A03956E00D6A3A1 /* StatusHandler.swift in Sources */,
				288C695D19A92A1F001FA4CA /* SecondViewController.swift in Sources */,
				288C695919A92A1F001FA4CA /* AppDelegate.swift in Sources */,
				288C695B19A92A1F001FA4CA /* FirstViewController.swift in Sources */,
			);
			runOnlyForDeploymentPostprocessing = 0;
		};
		288C696319A92A1F001FA4CA /* Sources */ = {
			isa = PBXSourcesBuildPhase;
			buildActionMask = 2147483647;
			files = (
				280173591AC0A62A00840908 /* AppDelegate.swift in Sources */,
				280173581AC0A5D400840908 /* StatusHandler.swift in Sources */,
				288C696E19A92A1F001FA4CA /* spacestateTests.swift in Sources */,
				2801735B1AC0A62A00840908 /* SecondViewController.swift in Sources */,
				2801735A1AC0A62A00840908 /* FirstViewController.swift in Sources */,
			);
			runOnlyForDeploymentPostprocessing = 0;
		};
		2896F1C21A02851200D6A3A1 /* Sources */ = {
			isa = PBXSourcesBuildPhase;
			buildActionMask = 2147483647;
			files = (
				2890F8671A039C7D00D6A3A1 /* StatusHandler.swift in Sources */,
				2890F8651A0399A200D6A3A1 /* TodayViewController.swift in Sources */,
			);
			runOnlyForDeploymentPostprocessing = 0;
		};
/* End PBXSourcesBuildPhase section */

/* Begin PBXTargetDependency section */
		28440B0B1B15196A00D6A3A1 /* PBXTargetDependency */ = {
			isa = PBXTargetDependency;
			target = 28440B071B15196A00D6A3A1 /* spacestate WatchKit App */;
			targetProxy = 28440B0A1B15196A00D6A3A1 /* PBXContainerItemProxy */;
		};
		28440B151B15196A00D6A3A1 /* PBXTargetDependency */ = {
			isa = PBXTargetDependency;
			target = 28440AF81B15196A00D6A3A1 /* spacestate WatchKit Extension */;
			targetProxy = 28440B141B15196A00D6A3A1 /* PBXContainerItemProxy */;
		};
		288C696919A92A1F001FA4CA /* PBXTargetDependency */ = {
			isa = PBXTargetDependency;
			target = 288C695219A92A1F001FA4CA /* spacestate */;
			targetProxy = 288C696819A92A1F001FA4CA /* PBXContainerItemProxy */;
		};
		2896F1D31A02851200D6A3A1 /* PBXTargetDependency */ = {
			isa = PBXTargetDependency;
			target = 2896F1C51A02851200D6A3A1 /* state */;
			targetProxy = 2896F1D21A02851200D6A3A1 /* PBXContainerItemProxy */;
		};
/* End PBXTargetDependency section */

/* Begin PBXVariantGroup section */
		28440B0F1B15196A00D6A3A1 /* Interface.storyboard */ = {
			isa = PBXVariantGroup;
			children = (
				28440B101B15196A00D6A3A1 /* Base */,
			);
			name = Interface.storyboard;
			sourceTree = "<group>";
		};
		288C695E19A92A1F001FA4CA /* Main.storyboard */ = {
			isa = PBXVariantGroup;
			children = (
				288C695F19A92A1F001FA4CA /* Base */,
			);
			name = Main.storyboard;
			sourceTree = "<group>";
		};
/* End PBXVariantGroup section */

/* Begin XCBuildConfiguration section */
		28440B171B15196A00D6A3A1 /* Debug */ = {
			isa = XCBuildConfiguration;
			buildSettings = {
				CODE_SIGN_IDENTITY = "iPhone Developer";
				DEBUG_INFORMATION_FORMAT = "dwarf-with-dsym";
				GCC_NO_COMMON_BLOCKS = YES;
				GCC_PREPROCESSOR_DEFINITIONS = (
					"DEBUG=1",
					"$(inherited)",
				);
				INFOPLIST_FILE = "spacestate WatchKit Extension/Info.plist";
				IPHONEOS_DEPLOYMENT_TARGET = 8.2;
				LD_RUNPATH_SEARCH_PATHS = "$(inherited) @executable_path/Frameworks @executable_path/../../Frameworks";
				PRODUCT_NAME = "${TARGET_NAME}";
				SKIP_INSTALL = YES;
			};
			name = Debug;
		};
		28440B181B15196A00D6A3A1 /* Release */ = {
			isa = XCBuildConfiguration;
			buildSettings = {
				CODE_SIGN_IDENTITY = "iPhone Developer";
				COPY_PHASE_STRIP = NO;
				DEBUG_INFORMATION_FORMAT = "dwarf-with-dsym";
				GCC_NO_COMMON_BLOCKS = YES;
				INFOPLIST_FILE = "spacestate WatchKit Extension/Info.plist";
				IPHONEOS_DEPLOYMENT_TARGET = 8.2;
				LD_RUNPATH_SEARCH_PATHS = "$(inherited) @executable_path/Frameworks @executable_path/../../Frameworks";
				PRODUCT_NAME = "${TARGET_NAME}";
				SKIP_INSTALL = YES;
			};
			name = Release;
		};
		28440B191B15196A00D6A3A1 /* Debug */ = {
			isa = XCBuildConfiguration;
			buildSettings = {
				ASSETCATALOG_COMPILER_APPICON_NAME = AppIcon;
				CODE_SIGN_IDENTITY = "iPhone Developer";
				DEBUG_INFORMATION_FORMAT = "dwarf-with-dsym";
				GCC_NO_COMMON_BLOCKS = YES;
				GCC_PREPROCESSOR_DEFINITIONS = (
					"DEBUG=1",
					"$(inherited)",
				);
				IBSC_MODULE = spacestate_WatchKit_Extension;
				INFOPLIST_FILE = "spacestate WatchKit App/Info.plist";
				IPHONEOS_DEPLOYMENT_TARGET = 8.2;
				PRODUCT_NAME = "$(TARGET_NAME)";
				SKIP_INSTALL = YES;
				TARGETED_DEVICE_FAMILY = 4;
				"TARGETED_DEVICE_FAMILY[sdk=iphonesimulator*]" = "1,4";
			};
			name = Debug;
		};
		28440B1A1B15196A00D6A3A1 /* Release */ = {
			isa = XCBuildConfiguration;
			buildSettings = {
				ASSETCATALOG_COMPILER_APPICON_NAME = AppIcon;
				CODE_SIGN_IDENTITY = "iPhone Developer";
				COPY_PHASE_STRIP = NO;
				DEBUG_INFORMATION_FORMAT = "dwarf-with-dsym";
				GCC_NO_COMMON_BLOCKS = YES;
				IBSC_MODULE = spacestate_WatchKit_Extension;
				INFOPLIST_FILE = "spacestate WatchKit App/Info.plist";
				IPHONEOS_DEPLOYMENT_TARGET = 8.2;
				PRODUCT_NAME = "$(TARGET_NAME)";
				SKIP_INSTALL = YES;
				TARGETED_DEVICE_FAMILY = 4;
				"TARGETED_DEVICE_FAMILY[sdk=iphonesimulator*]" = "1,4";
			};
			name = Release;
		};
		288C696F19A92A1F001FA4CA /* Debug */ = {
			isa = XCBuildConfiguration;
			buildSettings = {
				ALWAYS_SEARCH_USER_PATHS = NO;
				CLANG_CXX_LANGUAGE_STANDARD = "gnu++0x";
				CLANG_CXX_LIBRARY = "libc++";
				CLANG_ENABLE_MODULES = YES;
				CLANG_ENABLE_OBJC_ARC = YES;
				CLANG_WARN_BOOL_CONVERSION = YES;
				CLANG_WARN_CONSTANT_CONVERSION = YES;
				CLANG_WARN_DIRECT_OBJC_ISA_USAGE = YES_ERROR;
				CLANG_WARN_EMPTY_BODY = YES;
				CLANG_WARN_ENUM_CONVERSION = YES;
				CLANG_WARN_INT_CONVERSION = YES;
				CLANG_WARN_OBJC_ROOT_CLASS = YES_ERROR;
				CLANG_WARN_UNREACHABLE_CODE = YES;
				CLANG_WARN__DUPLICATE_METHOD_MATCH = YES;
				"CODE_SIGN_IDENTITY[sdk=iphoneos*]" = "iPhone Developer";
				COPY_PHASE_STRIP = NO;
				ENABLE_STRICT_OBJC_MSGSEND = YES;
				GCC_C_LANGUAGE_STANDARD = gnu99;
				GCC_DYNAMIC_NO_PIC = NO;
				GCC_OPTIMIZATION_LEVEL = 0;
				GCC_PREPROCESSOR_DEFINITIONS = (
					"DEBUG=1",
					"$(inherited)",
				);
				GCC_SYMBOLS_PRIVATE_EXTERN = NO;
				GCC_WARN_64_TO_32_BIT_CONVERSION = YES;
				GCC_WARN_ABOUT_RETURN_TYPE = YES_ERROR;
				GCC_WARN_UNDECLARED_SELECTOR = YES;
				GCC_WARN_UNINITIALIZED_AUTOS = YES_AGGRESSIVE;
				GCC_WARN_UNUSED_FUNCTION = YES;
				GCC_WARN_UNUSED_VARIABLE = YES;
				IPHONEOS_DEPLOYMENT_TARGET = 8.2;
				MTL_ENABLE_DEBUG_INFO = YES;
				ONLY_ACTIVE_ARCH = YES;
				SDKROOT = iphoneos;
				SWIFT_OPTIMIZATION_LEVEL = "-Onone";
			};
			name = Debug;
		};
		288C697019A92A1F001FA4CA /* Release */ = {
			isa = XCBuildConfiguration;
			buildSettings = {
				ALWAYS_SEARCH_USER_PATHS = NO;
				CLANG_CXX_LANGUAGE_STANDARD = "gnu++0x";
				CLANG_CXX_LIBRARY = "libc++";
				CLANG_ENABLE_MODULES = YES;
				CLANG_ENABLE_OBJC_ARC = YES;
				CLANG_WARN_BOOL_CONVERSION = YES;
				CLANG_WARN_CONSTANT_CONVERSION = YES;
				CLANG_WARN_DIRECT_OBJC_ISA_USAGE = YES_ERROR;
				CLANG_WARN_EMPTY_BODY = YES;
				CLANG_WARN_ENUM_CONVERSION = YES;
				CLANG_WARN_INT_CONVERSION = YES;
				CLANG_WARN_OBJC_ROOT_CLASS = YES_ERROR;
				CLANG_WARN_UNREACHABLE_CODE = YES;
				CLANG_WARN__DUPLICATE_METHOD_MATCH = YES;
				"CODE_SIGN_IDENTITY[sdk=iphoneos*]" = "iPhone Developer";
				COPY_PHASE_STRIP = YES;
				ENABLE_NS_ASSERTIONS = NO;
				ENABLE_STRICT_OBJC_MSGSEND = YES;
				GCC_C_LANGUAGE_STANDARD = gnu99;
				GCC_WARN_64_TO_32_BIT_CONVERSION = YES;
				GCC_WARN_ABOUT_RETURN_TYPE = YES_ERROR;
				GCC_WARN_UNDECLARED_SELECTOR = YES;
				GCC_WARN_UNINITIALIZED_AUTOS = YES_AGGRESSIVE;
				GCC_WARN_UNUSED_FUNCTION = YES;
				GCC_WARN_UNUSED_VARIABLE = YES;
				IPHONEOS_DEPLOYMENT_TARGET = 8.2;
				MTL_ENABLE_DEBUG_INFO = NO;
				SDKROOT = iphoneos;
				VALIDATE_PRODUCT = YES;
			};
			name = Release;
		};
		288C697219A92A1F001FA4CA /* Debug */ = {
			isa = XCBuildConfiguration;
			buildSettings = {
				ASSETCATALOG_COMPILER_APPICON_NAME = AppIcon;
				ASSETCATALOG_COMPILER_LAUNCHIMAGE_NAME = LaunchImage;
				CODE_SIGN_IDENTITY = "iPhone Developer";
				INFOPLIST_FILE = spacestate/Info.plist;
				IPHONEOS_DEPLOYMENT_TARGET = 8.2;
				LD_RUNPATH_SEARCH_PATHS = "$(inherited) @executable_path/Frameworks";
				PRODUCT_NAME = "$(TARGET_NAME)";
				TARGETED_DEVICE_FAMILY = 1;
			};
			name = Debug;
		};
		288C697319A92A1F001FA4CA /* Release */ = {
			isa = XCBuildConfiguration;
			buildSettings = {
				ASSETCATALOG_COMPILER_APPICON_NAME = AppIcon;
				ASSETCATALOG_COMPILER_LAUNCHIMAGE_NAME = LaunchImage;
				CODE_SIGN_IDENTITY = "iPhone Developer";
				INFOPLIST_FILE = spacestate/Info.plist;
				IPHONEOS_DEPLOYMENT_TARGET = 8.2;
				LD_RUNPATH_SEARCH_PATHS = "$(inherited) @executable_path/Frameworks";
				PRODUCT_NAME = "$(TARGET_NAME)";
				TARGETED_DEVICE_FAMILY = 1;
			};
			name = Release;
		};
		288C697519A92A1F001FA4CA /* Debug */ = {
			isa = XCBuildConfiguration;
			buildSettings = {
				BUNDLE_LOADER = "$(TEST_HOST)";
				FRAMEWORK_SEARCH_PATHS = (
					"$(SDKROOT)/Developer/Library/Frameworks",
					"$(inherited)",
				);
				GCC_PREPROCESSOR_DEFINITIONS = (
					"DEBUG=1",
					"$(inherited)",
				);
				INFOPLIST_FILE = spacestateTests/Info.plist;
				LD_RUNPATH_SEARCH_PATHS = "$(inherited) @executable_path/Frameworks @loader_path/Frameworks";
				PRODUCT_NAME = "$(TARGET_NAME)";
				TEST_HOST = "$(BUILT_PRODUCTS_DIR)/spacestate.app/spacestate";
			};
			name = Debug;
		};
		288C697619A92A1F001FA4CA /* Release */ = {
			isa = XCBuildConfiguration;
			buildSettings = {
				BUNDLE_LOADER = "$(TEST_HOST)";
				FRAMEWORK_SEARCH_PATHS = (
					"$(SDKROOT)/Developer/Library/Frameworks",
					"$(inherited)",
				);
				INFOPLIST_FILE = spacestateTests/Info.plist;
				LD_RUNPATH_SEARCH_PATHS = "$(inherited) @executable_path/Frameworks @loader_path/Frameworks";
				PRODUCT_NAME = "$(TARGET_NAME)";
				TEST_HOST = "$(BUILT_PRODUCTS_DIR)/spacestate.app/spacestate";
			};
			name = Release;
		};
		2896F1D51A02851200D6A3A1 /* Debug */ = {
			isa = XCBuildConfiguration;
			buildSettings = {
				CLANG_ENABLE_MODULES = YES;
				GCC_PREPROCESSOR_DEFINITIONS = (
					"DEBUG=1",
					"$(inherited)",
				);
				INFOPLIST_FILE = state/Info.plist;
				IPHONEOS_DEPLOYMENT_TARGET = 8.2;
				LD_RUNPATH_SEARCH_PATHS = "$(inherited) @executable_path/Frameworks @executable_path/../../Frameworks";
				PRODUCT_NAME = "$(TARGET_NAME)";
				SKIP_INSTALL = YES;
				SWIFT_OPTIMIZATION_LEVEL = "-Onone";
			};
			name = Debug;
		};
		2896F1D61A02851200D6A3A1 /* Release */ = {
			isa = XCBuildConfiguration;
			buildSettings = {
				CLANG_ENABLE_MODULES = YES;
				INFOPLIST_FILE = state/Info.plist;
				IPHONEOS_DEPLOYMENT_TARGET = 8.2;
				LD_RUNPATH_SEARCH_PATHS = "$(inherited) @executable_path/Frameworks @executable_path/../../Frameworks";
				PRODUCT_NAME = "$(TARGET_NAME)";
				SKIP_INSTALL = YES;
			};
			name = Release;
		};
/* End XCBuildConfiguration section */

/* Begin XCConfigurationList section */
		28440B1B1B15196A00D6A3A1 /* Build configuration list for PBXNativeTarget "spacestate WatchKit App" */ = {
			isa = XCConfigurationList;
			buildConfigurations = (
				28440B191B15196A00D6A3A1 /* Debug */,
				28440B1A1B15196A00D6A3A1 /* Release */,
			);
			defaultConfigurationIsVisible = 0;
			defaultConfigurationName = Release;
		};
		28440B1C1B15196A00D6A3A1 /* Build configuration list for PBXNativeTarget "spacestate WatchKit Extension" */ = {
			isa = XCConfigurationList;
			buildConfigurations = (
				28440B171B15196A00D6A3A1 /* Debug */,
				28440B181B15196A00D6A3A1 /* Release */,
			);
			defaultConfigurationIsVisible = 0;
			defaultConfigurationName = Release;
		};
		288C694E19A92A1F001FA4CA /* Build configuration list for PBXProject "spacestate" */ = {
			isa = XCConfigurationList;
			buildConfigurations = (
				288C696F19A92A1F001FA4CA /* Debug */,
				288C697019A92A1F001FA4CA /* Release */,
			);
			defaultConfigurationIsVisible = 0;
			defaultConfigurationName = Release;
		};
		288C697119A92A1F001FA4CA /* Build configuration list for PBXNativeTarget "spacestate" */ = {
			isa = XCConfigurationList;
			buildConfigurations = (
				288C697219A92A1F001FA4CA /* Debug */,
				288C697319A92A1F001FA4CA /* Release */,
			);
			defaultConfigurationIsVisible = 0;
			defaultConfigurationName = Release;
		};
		288C697419A92A1F001FA4CA /* Build configuration list for PBXNativeTarget "spacestateTests" */ = {
			isa = XCConfigurationList;
			buildConfigurations = (
				288C697519A92A1F001FA4CA /* Debug */,
				288C697619A92A1F001FA4CA /* Release */,
			);
			defaultConfigurationIsVisible = 0;
			defaultConfigurationName = Release;
		};
		2896F1D71A02851200D6A3A1 /* Build configuration list for PBXNativeTarget "state" */ = {
			isa = XCConfigurationList;
			buildConfigurations = (
				2896F1D51A02851200D6A3A1 /* Debug */,
				2896F1D61A02851200D6A3A1 /* Release */,
			);
			defaultConfigurationIsVisible = 0;
			defaultConfigurationName = Release;
		};
/* End XCConfigurationList section */
	};
	rootObject = 288C694B19A92A1F001FA4CA /* Project object */;
}
